
Microsoft Visual Studio Solution File, Format Version 11.00
# Visual Studio 2010
Project("{8BC9CEB8-8B4A-11D0-8D11-00A0C91BC942}") = "testPeps", "testPeps\testPeps.vcxproj", "{BE4A4D57-05EC-4836-9148-DEE61B5B235F}"
EndProject
Project("{8BC9CEB8-8B4A-11D0-8D11-00A0C91BC942}") = "testOpenMp", "testOpenMp\testOpenMp.vcxproj", "{EA18279C-4E7D-4605-9BA1-010ADEC86C79}"
EndProject
Global
	GlobalSection(SolutionConfigurationPlatforms) = preSolution
		Debug|Win32 = Debug|Win32
		Release|Win32 = Release|Win32
	EndGlobalSection
	GlobalSection(ProjectConfigurationPlatforms) = postSolution
		{BE4A4D57-05EC-4836-9148-DEE61B5B235F}.Debug|Win32.ActiveCfg = Debug|Win32
		{BE4A4D57-05EC-4836-9148-DEE61B5B235F}.Debug|Win32.Build.0 = Debug|Win32
		{BE4A4D57-05EC-4836-9148-DEE61B5B235F}.Release|Win32.ActiveCfg = Release|Win32
		{BE4A4D57-05EC-4836-9148-DEE61B5B235F}.Release|Win32.Build.0 = Release|Win32
		{EA18279C-4E7D-4605-9BA1-010ADEC86C79}.Debug|Win32.ActiveCfg = Debug|Win32
		{EA18279C-4E7D-4605-9BA1-010ADEC86C79}.Debug|Win32.Build.0 = Debug|Win32
		{EA18279C-4E7D-4605-9BA1-010ADEC86C79}.Release|Win32.ActiveCfg = Release|Win32
		{EA18279C-4E7D-4605-9BA1-010ADEC86C79}.Release|Win32.Build.0 = Release|Win32
	EndGlobalSection
	GlobalSection(SolutionProperties) = preSolution
		HideSolutionNode = FALSE
	EndGlobalSection
EndGlobal
